
Microsoft Visual Studio Solution File, Format Version 12.00
# Visual Studio 2012
Project("{FAE04EC0-301F-11D3-BF4B-00C04F79EFBC}") = "eDocsDN_Common_LogWriter", "eDocsDN_Common_LogWriter.csproj", "{5CDCE45B-6A87-4248-B8B0-1A4BD401DA00}"
EndProject
Global
	GlobalSection(SubversionScc) = preSolution
		Svn-Managed = True
		Manager = AnkhSVN - Subversion Support for Visual Studio
	EndGlobalSection
	GlobalSection(SolutionConfigurationPlatforms) = preSolution
		Debug|Any CPU = Debug|Any CPU
		Release|Any CPU = Release|Any CPU
	EndGlobalSection
	GlobalSection(ProjectConfigurationPlatforms) = postSolution
		{5CDCE45B-6A87-4248-B8B0-1A4BD401DA00}.Debug|Any CPU.ActiveCfg = Debug|Any CPU
		{5CDCE45B-6A87-4248-B8B0-1A4BD401DA00}.Debug|Any CPU.Build.0 = Debug|Any CPU
		{5CDCE45B-6A87-4248-B8B0-1A4BD401DA00}.Release|Any CPU.ActiveCfg = Release|Any CPU
		{5CDCE45B-6A87-4248-B8B0-1A4BD401DA00}.Release|Any CPU.Build.0 = Release|Any CPU
	EndGlobalSection
	GlobalSection(SolutionProperties) = preSolution
		HideSolutionNode = FALSE
	EndGlobalSection
EndGlobal
