
Microsoft Visual Studio Solution File, Format Version 12.00
# Visual Studio 2012
Project("{FAE04EC0-301F-11D3-BF4B-00C04F79EFBC}") = "eDocsDN_Save_File_in_Database", "eDocsDN_Save_File_in_Database\eDocsDN_Save_File_in_Database.csproj", "{73A4BE80-C87E-4AC2-8FF1-45F71FAAF1E7}"
EndProject
Global
	GlobalSection(SolutionConfigurationPlatforms) = preSolution
		Debug|Any CPU = Debug|Any CPU
		Release|Any CPU = Release|Any CPU
	EndGlobalSection
	GlobalSection(ProjectConfigurationPlatforms) = postSolution
		{73A4BE80-C87E-4AC2-8FF1-45F71FAAF1E7}.Debug|Any CPU.ActiveCfg = Debug|Any CPU
		{73A4BE80-C87E-4AC2-8FF1-45F71FAAF1E7}.Debug|Any CPU.Build.0 = Debug|Any CPU
		{73A4BE80-C87E-4AC2-8FF1-45F71FAAF1E7}.Release|Any CPU.ActiveCfg = Release|Any CPU
		{73A4BE80-C87E-4AC2-8FF1-45F71FAAF1E7}.Release|Any CPU.Build.0 = Release|Any CPU
	EndGlobalSection
	GlobalSection(SolutionProperties) = preSolution
		HideSolutionNode = FALSE
	EndGlobalSection
EndGlobal
